PODS:
  - JXT_FirstComponent (0.0.1)

DEPENDENCIES:
  - JXT_FirstComponent (from `../`)

EXTERNAL SOURCES:
  JXT_FirstComponent:
    :path: "../"

SPEC CHECKSUMS:
  JXT_FirstComponent: 1b81f6da0217ede03b45b34e9363f79bb999da5d

PODFILE CHECKSUM: 3a88f1a9179eb2f566d735c5c63a604102726d6f

COCOAPODS: 1.11.2
